
Microsoft Visual Studio Solution File, Format Version 12.00
# Visual Studio 15
VisualStudioVersion = 15.0.26228.9
MinimumVisualStudioVersion = 10.0.40219.1
Project("{2150E333-8FDC-42A3-9474-1A3956D46DE8}") = "src", "src", "{0EB0E003-5911-4A1F-A4FE-27A046C69D1A}"
EndProject
Project("{2150E333-8FDC-42A3-9474-1A3956D46DE8}") = "Solution Items", "Solution Items", "{06DB3DBE-1BB3-4D9F-9FD9-3AD7E9F07967}"
	ProjectSection(SolutionItems) = preProject
		.gitignore = .gitignore
		README.md = README.md
	EndProjectSection
EndProject
Project("{9A19103F-16F7-4668-BE54-9A1E7A4F7556}") = "VanillaConnect", "src\VanillaConnect\VanillaConnect.csproj", "{C8D85E13-A95E-452D-8729-875375DC7B55}"
EndProject
Project("{9A19103F-16F7-4668-BE54-9A1E7A4F7556}") = "VanillaConnect.Tests", "src\VanillaConnect.Tests\VanillaConnect.Tests.csproj", "{1AC0DC60-D302-456F-948E-441FF23AEA4D}"
EndProject
Global
	GlobalSection(SolutionConfigurationPlatforms) = preSolution
		Debug|Any CPU = Debug|Any CPU
		Release|Any CPU = Release|Any CPU
	EndGlobalSection
	GlobalSection(ProjectConfigurationPlatforms) = postSolution
		{C8D85E13-A95E-452D-8729-875375DC7B55}.Debug|Any CPU.ActiveCfg = Debug|Any CPU
		{C8D85E13-A95E-452D-8729-875375DC7B55}.Debug|Any CPU.Build.0 = Debug|Any CPU
		{C8D85E13-A95E-452D-8729-875375DC7B55}.Release|Any CPU.ActiveCfg = Release|Any CPU
		{C8D85E13-A95E-452D-8729-875375DC7B55}.Release|Any CPU.Build.0 = Release|Any CPU
		{1AC0DC60-D302-456F-948E-441FF23AEA4D}.Debug|Any CPU.ActiveCfg = Debug|Any CPU
		{1AC0DC60-D302-456F-948E-441FF23AEA4D}.Debug|Any CPU.Build.0 = Debug|Any CPU
		{1AC0DC60-D302-456F-948E-441FF23AEA4D}.Release|Any CPU.ActiveCfg = Release|Any CPU
		{1AC0DC60-D302-456F-948E-441FF23AEA4D}.Release|Any CPU.Build.0 = Release|Any CPU
	EndGlobalSection
	GlobalSection(SolutionProperties) = preSolution
		HideSolutionNode = FALSE
	EndGlobalSection
	GlobalSection(NestedProjects) = preSolution
		{C8D85E13-A95E-452D-8729-875375DC7B55} = {0EB0E003-5911-4A1F-A4FE-27A046C69D1A}
		{1AC0DC60-D302-456F-948E-441FF23AEA4D} = {0EB0E003-5911-4A1F-A4FE-27A046C69D1A}
	EndGlobalSection
EndGlobal
